
Microsoft Visual Studio Solution File, Format Version 12.00
# Visual Studio 15
VisualStudioVersion = 15.0.27004.2009
MinimumVisualStudioVersion = 10.0.40219.1
Project("{FAE04EC0-301F-11D3-BF4B-00C04F79EFBC}") = "SalajansBoyaMusteri", "SalajansBoyaMusteri\SalajansBoyaMusteri.csproj", "{2F69D7DD-B653-4ED2-BA87-AC49142EFF10}"
EndProject
Global
	GlobalSection(Performance) = preSolution
		HasPerformanceSessions = true
	EndGlobalSection
	GlobalSection(SolutionConfigurationPlatforms) = preSolution
		Debug|Any CPU = Debug|Any CPU
		Debug|x86 = Debug|x86
		Release|Any CPU = Release|Any CPU
		Release|x86 = Release|x86
	EndGlobalSection
	GlobalSection(ProjectConfigurationPlatforms) = postSolution
		{2F69D7DD-B653-4ED2-BA87-AC49142EFF10}.Debug|Any CPU.ActiveCfg = Debug|Any CPU
		{2F69D7DD-B653-4ED2-BA87-AC49142EFF10}.Debug|Any CPU.Build.0 = Debug|Any CPU
		{2F69D7DD-B653-4ED2-BA87-AC49142EFF10}.Debug|x86.ActiveCfg = Debug|x86
		{2F69D7DD-B653-4ED2-BA87-AC49142EFF10}.Debug|x86.Build.0 = Debug|x86
		{2F69D7DD-B653-4ED2-BA87-AC49142EFF10}.Release|Any CPU.ActiveCfg = Release|Any CPU
		{2F69D7DD-B653-4ED2-BA87-AC49142EFF10}.Release|Any CPU.Build.0 = Release|Any CPU
		{2F69D7DD-B653-4ED2-BA87-AC49142EFF10}.Release|x86.ActiveCfg = Release|x86
		{2F69D7DD-B653-4ED2-BA87-AC49142EFF10}.Release|x86.Build.0 = Release|x86
	EndGlobalSection
	GlobalSection(SolutionProperties) = preSolution
		HideSolutionNode = FALSE
	EndGlobalSection
	GlobalSection(ExtensibilityGlobals) = postSolution
		SolutionGuid = {C4632DD0-AF0A-46D6-B907-B18941207D80}
	EndGlobalSection
	GlobalSection(Performance) = preSolution
		HasPerformanceSessions = true
	EndGlobalSection
	GlobalSection(Performance) = preSolution
		HasPerformanceSessions = true
	EndGlobalSection
EndGlobal
